
Microsoft Visual Studio Solution File, Format Version 12.00
# Visual Studio Version 17
VisualStudioVersion = 17.7.34202.233
MinimumVisualStudioVersion = 10.0.40219.1
Project("{9A19103F-16F7-4668-BE54-9A1E7A4F7556}") = "WorldScene", "WorldScene\WorldScene.csproj", "{AC70EF59-EA39-4C38-8664-375A7202CF91}"
EndProject
Project("{2150E333-8FDC-42A3-9474-1A3956D46DE8}") = "References", "References", "{403602C7-8C16-4A20-8B04-E88607652531}"
EndProject
Project("{9A19103F-16F7-4668-BE54-9A1E7A4F7556}") = "PacketManager", "PacketManager\PacketManager\PacketManager.csproj", "{F338FB40-2C82-448E-ACBA-E5C7E332DA5F}"
EndProject
Global
	GlobalSection(SolutionConfigurationPlatforms) = preSolution
		Debug|Any CPU = Debug|Any CPU
		Release|Any CPU = Release|Any CPU
	EndGlobalSection
	GlobalSection(ProjectConfigurationPlatforms) = postSolution
		{AC70EF59-EA39-4C38-8664-375A7202CF91}.Debug|Any CPU.ActiveCfg = Debug|Any CPU
		{AC70EF59-EA39-4C38-8664-375A7202CF91}.Debug|Any CPU.Build.0 = Debug|Any CPU
		{AC70EF59-EA39-4C38-8664-375A7202CF91}.Release|Any CPU.ActiveCfg = Release|Any CPU
		{AC70EF59-EA39-4C38-8664-375A7202CF91}.Release|Any CPU.Build.0 = Release|Any CPU
		{F338FB40-2C82-448E-ACBA-E5C7E332DA5F}.Debug|Any CPU.ActiveCfg = Debug|Any CPU
		{F338FB40-2C82-448E-ACBA-E5C7E332DA5F}.Debug|Any CPU.Build.0 = Debug|Any CPU
		{F338FB40-2C82-448E-ACBA-E5C7E332DA5F}.Release|Any CPU.ActiveCfg = Release|Any CPU
		{F338FB40-2C82-448E-ACBA-E5C7E332DA5F}.Release|Any CPU.Build.0 = Release|Any CPU
	EndGlobalSection
	GlobalSection(SolutionProperties) = preSolution
		HideSolutionNode = FALSE
	EndGlobalSection
	GlobalSection(NestedProjects) = preSolution
		{F338FB40-2C82-448E-ACBA-E5C7E332DA5F} = {403602C7-8C16-4A20-8B04-E88607652531}
	EndGlobalSection
	GlobalSection(ExtensibilityGlobals) = postSolution
		SolutionGuid = {C84B817E-F620-47C5-B0B3-FD4B8CC1BC53}
	EndGlobalSection
EndGlobal
